
Microsoft Visual Studio Solution File, Format Version 12.00
# Visual Studio Version 17
VisualStudioVersion = 17.13.35806.99
MinimumVisualStudioVersion = 10.0.40219.1
Project("{FAE04EC0-301F-11D3-BF4B-00C04F79EFBC}") = "Monitoring", "Monitoring\Monitoring.csproj", "{2B4C8185-F977-4807-9B16-EF691B7AE0E6}"
EndProject
Project("{FAE04EC0-301F-11D3-BF4B-00C04F79EFBC}") = "API.Tests", "API.Tests\API.Tests.csproj", "{5CD8CC17-48FB-414E-9150-E357C2732FAA}"
EndProject
Project("{FAE04EC0-301F-11D3-BF4B-00C04F79EFBC}") = "API", "API\API.csproj", "{10481559-D727-4C57-923B-03E5633A591B}"
EndProject
Global
	GlobalSection(SolutionConfigurationPlatforms) = preSolution
		Debug|Any CPU = Debug|Any CPU
		Debug|x64 = Debug|x64
		Debug|x86 = Debug|x86
		Release|Any CPU = Release|Any CPU
		Release|x64 = Release|x64
		Release|x86 = Release|x86
	EndGlobalSection
	GlobalSection(ProjectConfigurationPlatforms) = postSolution
		{2B4C8185-F977-4807-9B16-EF691B7AE0E6}.Debug|Any CPU.ActiveCfg = Debug|Any CPU
		{2B4C8185-F977-4807-9B16-EF691B7AE0E6}.Debug|Any CPU.Build.0 = Debug|Any CPU
		{2B4C8185-F977-4807-9B16-EF691B7AE0E6}.Debug|x64.ActiveCfg = Debug|Any CPU
		{2B4C8185-F977-4807-9B16-EF691B7AE0E6}.Debug|x64.Build.0 = Debug|Any CPU
		{2B4C8185-F977-4807-9B16-EF691B7AE0E6}.Debug|x86.ActiveCfg = Debug|Any CPU
		{2B4C8185-F977-4807-9B16-EF691B7AE0E6}.Debug|x86.Build.0 = Debug|Any CPU
		{2B4C8185-F977-4807-9B16-EF691B7AE0E6}.Release|Any CPU.ActiveCfg = Release|Any CPU
		{2B4C8185-F977-4807-9B16-EF691B7AE0E6}.Release|Any CPU.Build.0 = Release|Any CPU
		{2B4C8185-F977-4807-9B16-EF691B7AE0E6}.Release|x64.ActiveCfg = Release|Any CPU
		{2B4C8185-F977-4807-9B16-EF691B7AE0E6}.Release|x64.Build.0 = Release|Any CPU
		{2B4C8185-F977-4807-9B16-EF691B7AE0E6}.Release|x86.ActiveCfg = Release|Any CPU
		{2B4C8185-F977-4807-9B16-EF691B7AE0E6}.Release|x86.Build.0 = Release|Any CPU
		{5CD8CC17-48FB-414E-9150-E357C2732FAA}.Debug|Any CPU.ActiveCfg = Debug|Any CPU
		{5CD8CC17-48FB-414E-9150-E357C2732FAA}.Debug|Any CPU.Build.0 = Debug|Any CPU
		{5CD8CC17-48FB-414E-9150-E357C2732FAA}.Debug|x64.ActiveCfg = Debug|Any CPU
		{5CD8CC17-48FB-414E-9150-E357C2732FAA}.Debug|x64.Build.0 = Debug|Any CPU
		{5CD8CC17-48FB-414E-9150-E357C2732FAA}.Debug|x86.ActiveCfg = Debug|Any CPU
		{5CD8CC17-48FB-414E-9150-E357C2732FAA}.Debug|x86.Build.0 = Debug|Any CPU
		{5CD8CC17-48FB-414E-9150-E357C2732FAA}.Release|Any CPU.ActiveCfg = Release|Any CPU
		{5CD8CC17-48FB-414E-9150-E357C2732FAA}.Release|Any CPU.Build.0 = Release|Any CPU
		{5CD8CC17-48FB-414E-9150-E357C2732FAA}.Release|x64.ActiveCfg = Release|Any CPU
		{5CD8CC17-48FB-414E-9150-E357C2732FAA}.Release|x64.Build.0 = Release|Any CPU
		{5CD8CC17-48FB-414E-9150-E357C2732FAA}.Release|x86.ActiveCfg = Release|Any CPU
		{5CD8CC17-48FB-414E-9150-E357C2732FAA}.Release|x86.Build.0 = Release|Any CPU
		{10481559-D727-4C57-923B-03E5633A591B}.Debug|Any CPU.ActiveCfg = Debug|Any CPU
		{10481559-D727-4C57-923B-03E5633A591B}.Debug|Any CPU.Build.0 = Debug|Any CPU
		{10481559-D727-4C57-923B-03E5633A591B}.Debug|x64.ActiveCfg = Debug|Any CPU
		{10481559-D727-4C57-923B-03E5633A591B}.Debug|x64.Build.0 = Debug|Any CPU
		{10481559-D727-4C57-923B-03E5633A591B}.Debug|x86.ActiveCfg = Debug|Any CPU
		{10481559-D727-4C57-923B-03E5633A591B}.Debug|x86.Build.0 = Debug|Any CPU
		{10481559-D727-4C57-923B-03E5633A591B}.Release|Any CPU.ActiveCfg = Release|Any CPU
		{10481559-D727-4C57-923B-03E5633A591B}.Release|Any CPU.Build.0 = Release|Any CPU
		{10481559-D727-4C57-923B-03E5633A591B}.Release|x64.ActiveCfg = Release|Any CPU
		{10481559-D727-4C57-923B-03E5633A591B}.Release|x64.Build.0 = Release|Any CPU
		{10481559-D727-4C57-923B-03E5633A591B}.Release|x86.ActiveCfg = Release|Any CPU
		{10481559-D727-4C57-923B-03E5633A591B}.Release|x86.Build.0 = Release|Any CPU
	EndGlobalSection
	GlobalSection(SolutionProperties) = preSolution
		HideSolutionNode = FALSE
	EndGlobalSection
	GlobalSection(ExtensibilityGlobals) = postSolution
		SolutionGuid = {7CB35990-FDB1-4908-91AB-933CF2F8308B}
	EndGlobalSection
EndGlobal
